github.com/coldsmirk/go-collections v0.4.0 h1:p/j7mEDpg/Wk6xxoE8p1m2wAPCDFxgEIhcwSZhV/Pfg=
github.com/coldsmirk/go-collections v0.4.0/go.mod h1:ZH1rkpy9R/EQSW4sk5iR5Hs1wNYbXfifFcsj5FYWUpo=
github.com/puzpuzpuz/xsync/v3 v3.5.1 h1:GJYJZwO6IdxN/IKbneznS6yPkVC+c3zyY/j19c++5Fg=
github.com/puzpuzpuz/xsync/v3 v3.5.1/go.mod h1:VjzYrABPabuM4KyBh1Ftq6u8nhwY5tBPKP9jpmh0nnA=
github.com/stretchr/testify v1.12.1 h1:EuwCh5fleGS7H32xRwO3wRGT7DxrDhLAT6FF8MpWDWE=
github.com/stretchr/testify v1.12.1/go.mod h1:MDEgiDPPsNp5cuIrHPPCyornHKgEVbtFUmoNlxoYthg=
github.com/tidwall/btree v1.8.1 h1:27ehoXvm5AG/g+1VxLS1SD3vRhp/H7LuEfwNvddEdmA=
github.com/tidwall/btree v1.8.1/go.mod h1:jBbTdUWhSZClZWoDg54VnvV7/54modSOzDN7VXftj1A=
github.com/zhangyunhao116/fastrand v0.3.0 h1:7bwe124xcckPulX6fxtr2lFdO2KQqaefdtbk+mqO/Ig=
github.com/zhangyunhao116/fastrand v0.3.0/go.mod h1:0v5KgHho0VE6HU192HnY15de/oDS8UrbBChIFjIhBtc=
github.com/zhangyunhao116/skipmap v0.10.1 h1:CMH4yGZQESBM1kUNozQqQ+Ra2pKqwF3HxaTADOaIfPs=
github.com/zhangyunhao116/skipmap v0.10.1/go.mod h1:CClnLPHl3DI+hHgrcy0OZ/QJ45AWgA3ObVcQyJop12c=
github.com/zhangyunhao116/skipset v0.13.0 h1:rSbR/BwzCer0h7NAtjkmhfDeT/HBE9kxq9GnKYK7Ggg=
github.com/zhangyunhao116/skipset v0.13.0/go.mod h1:rUzqz6HEqu70eHS0Jr8bGEbaggULWcvSDrHRe7/4wAA=
go.yaml.in/yaml/v3 v3.0.5 h1:N6y/pJk8buWs9NY5ERU2HSMfm+IuD/OtfdAnq6kESPw=
go.yaml.in/yaml/v3 v3.0.5/go.mod h1:HVTZu1O7/Vkt2N+BFy8Zza+lnLsABggaTM2ZpNIGuKg=
